// !$*UTF8*$!
{
	archiveVersion = 1;
	classes = {
	};
	objectVersion = 77;
	objects = {

/* Begin PBXBuildFile section */
		018CEB4BA33463D66FC56390 /* BackgroundTaskQueueTests.swift in Sources */ = {isa = PBXBuildFile; fileRef = 04943FBE79E108AEA932BE7A /* BackgroundTaskQueueTests.swift */; };
		027FC3EDE8B7872FE5985BEC /* HotkeyManager.swift in Sources */ = {isa = PBXBuildFile; fileRef = 357788F755345191A8549BDD /* HotkeyManager.swift */; };
		0349E56A97431ED05B90B995 /* BackgroundTaskQueue.swift in Sources */ = {isa = PBXBuildFile; fileRef = 688E52A50119AE1D61EBC870 /* BackgroundTaskQueue.swift */; };
		069FE3565BC42960E0CFBDEA /* BackgroundJob.swift in Sources */ = {isa = PBXBuildFile; fileRef = 11E235697287DAAC0D8A697C /* BackgroundJob.swift */; };
		0DCEB362F2A309D8F5E5360D /* BackgroundJobStateTests.swift in Sources */ = {isa = PBXBuildFile; fileRef = CA1521E4788D6CDF1C92F4C9 /* BackgroundJobStateTests.swift */; };
		14C88029029914C81941578E /* WorktreeListViewModel+ContextMenu.swift in Sources */ = {isa = PBXBuildFile; fileRef = FF013CC10C926B764410FBEF /* WorktreeListViewModel+ContextMenu.swift */; };
		14E42FFD99B49D00630EA203 /* WorktreeTests.swift in Sources */ = {isa = PBXBuildFile; fileRef = 9BD25714038218BA848A16DA /* WorktreeTests.swift */; };
		150BA7D5A0121054A1307FF1 /* WorktreeMetadataTests.swift in Sources */ = {isa = PBXBuildFile; fileRef = 1E37907BD97EF1278CAD9A1B /* WorktreeMetadataTests.swift */; };
		156C6EB8ECDE30DC56C50A6B /* Repository.swift in Sources */ = {isa = PBXBuildFile; fileRef = 3C1B43B188C597C61F1DC2EA /* Repository.swift */; };
		15E1631F96D1D18F037888FE /* RepositoryListViewModelTests.swift in Sources */ = {isa = PBXBuildFile; fileRef = 81C4077AB44A985FC65272E4 /* RepositoryListViewModelTests.swift */; };
		1C1FE0AA00CDDC453D7CD3C9 /* WorktreeManager+Parsing.swift in Sources */ = {isa = PBXBuildFile; fileRef = 480F07AB9D151580E4392F2C /* WorktreeManager+Parsing.swift */; };
		1D280B90168CDB181DC5FAE4 /* Assets.xcassets in Resources */ = {isa = PBXBuildFile; fileRef = 73CCA7E1C1ACBAF4E4291EA8 /* Assets.xcassets */; };
		1D5329DDE42009E76C2650C5 /* ExternalToolLauncher.swift in Sources */ = {isa = PBXBuildFile; fileRef = 155B3645306233DD226910E8 /* ExternalToolLauncher.swift */; };
		23D59664983897448C98FDCB /* TestHelpers.swift in Sources */ = {isa = PBXBuildFile; fileRef = 6BB917EB3E6DA41526EE7D6D /* TestHelpers.swift */; };
		24D6FB5B97F04ECE5DC221BF /* WorktreeManager+GitOps.swift in Sources */ = {isa = PBXBuildFile; fileRef = 08B45C279C31CE3F9F048056 /* WorktreeManager+GitOps.swift */; };
		28AAB167DD6C5B36997EEFDB /* ShortcutsSettingsView.swift in Sources */ = {isa = PBXBuildFile; fileRef = 68D6DA2DB9FCC472CF45E5EB /* ShortcutsSettingsView.swift */; };
		2BD7B4F6824F0432D87DE1EC /* WorktreeListViewModelEnrichmentTests.swift in Sources */ = {isa = PBXBuildFile; fileRef = D367A4F79D360C4F51AA85FE /* WorktreeListViewModelEnrichmentTests.swift */; };
		2DE6E669FC57B2FFF1BB3BB4 /* HotkeyRecorderView.swift in Sources */ = {isa = PBXBuildFile; fileRef = 92C079207B4A1020DEDB71F4 /* HotkeyRecorderView.swift */; };
		2E75657635769738BAE6D205 /* HotkeyManagerTests.swift in Sources */ = {isa = PBXBuildFile; fileRef = BBE71833015D389E58D69922 /* HotkeyManagerTests.swift */; };
		322D1AFDBFEEBF607E12181D /* PullRequestStateIcon.swift in Sources */ = {isa = PBXBuildFile; fileRef = 1024573DB028DE97085DF606 /* PullRequestStateIcon.swift */; };
		360142061D0A4B3D4350737F /* Sparkle in Frameworks */ = {isa = PBXBuildFile; productRef = 9C6FD25E01D2C241945E1D05 /* Sparkle */; };
		3779563B87300387488F42CB /* AppDelegate+Menu.swift in Sources */ = {isa = PBXBuildFile; fileRef = FA7A8C9DCCF77EF800527928 /* AppDelegate+Menu.swift */; };
		38723E3C67DD58A9D57EAD4B /* PullRequestServiceTests.swift in Sources */ = {isa = PBXBuildFile; fileRef = 038E188FA5528808D1BCFCC7 /* PullRequestServiceTests.swift */; };
		3E3BC079BCB09601CF331D43 /* WorktreeListViewModelSelectionTests.swift in Sources */ = {isa = PBXBuildFile; fileRef = 6460930465C1945BB9E708A7 /* WorktreeListViewModelSelectionTests.swift */; };
		3EB8C4AB75DF90CAAA7764C0 /* AppIcon_original.svg in Resources */ = {isa = PBXBuildFile; fileRef = D8736AEED259ECCE858F5BFE /* AppIcon_original.svg */; };
		40105D13C3D137AE3B04CBA5 /* ShortcutManager.swift in Sources */ = {isa = PBXBuildFile; fileRef = 9E4573C30ACEBDEC8AE2233B /* ShortcutManager.swift */; };
		40504C9B5C87311686050C85 /* RandomNameGenerator.swift in Sources */ = {isa = PBXBuildFile; fileRef = A200952D514CDC6E761D7D31 /* RandomNameGenerator.swift */; };
		41DAD45FEC5310D0E461CE31 /* Worktree.swift in Sources */ = {isa = PBXBuildFile; fileRef = AFE7A83D915B984C5F6EEEAC /* Worktree.swift */; };
		454889617A7D8475686FA15A /* AppDelegateColdStartTests.swift in Sources */ = {isa = PBXBuildFile; fileRef = 48C7BE2DF5F955131E669BE3 /* AppDelegateColdStartTests.swift */; };
		4CB1ECCC71F07B92B6C504EB /* UpdatesSettingsView.swift in Sources */ = {isa = PBXBuildFile; fileRef = 9BBF676DB7A8AE7653B7EC55 /* UpdatesSettingsView.swift */; };
		59C9E6B4357FF5942927E09E /* ImportPRView.swift in Sources */ = {isa = PBXBuildFile; fileRef = 12A03AD181020CC2A2003500 /* ImportPRView.swift */; };
		5A71C946790D3FAAC3B2AF80 /* RepositoryListViewModelNavigationTests.swift in Sources */ = {isa = PBXBuildFile; fileRef = BF799E855838610F7B5E4345 /* RepositoryListViewModelNavigationTests.swift */; };
		5FF69FC201062F843B4C9297 /* WorktreeListViewModel+ExternalTools.swift in Sources */ = {isa = PBXBuildFile; fileRef = 3E110EB7715E49CA580231B2 /* WorktreeListViewModel+ExternalTools.swift */; };
		6037CFB045743E19F0AEA30A /* WorktreeManagerRemoteBranchTests.swift in Sources */ = {isa = PBXBuildFile; fileRef = 9D47F034CB7C89712C2CACFD /* WorktreeManagerRemoteBranchTests.swift */; };
		638E6CA1194A56DF7C449566 /* WindowObserver.swift in Sources */ = {isa = PBXBuildFile; fileRef = C843B3047D22F1A56EAE0AFB /* WindowObserver.swift */; };
		653587B67AD671EEE36C6C93 /* OhMyWorktreeError.swift in Sources */ = {isa = PBXBuildFile; fileRef = CFCCF64227A4F11AF7BA80B6 /* OhMyWorktreeError.swift */; };
		671DEF7953036D7C339F1C16 /* WorktreeFileCopierTests.swift in Sources */ = {isa = PBXBuildFile; fileRef = 45E90BF743990ABDF5F54752 /* WorktreeFileCopierTests.swift */; };
		69D877CD7133DCC2B86870EC /* WorktreeRowView.swift in Sources */ = {isa = PBXBuildFile; fileRef = 8C48E8BD55146561E170E91A /* WorktreeRowView.swift */; };
		6A332083C9E71431CFE77D19 /* GeneralSettingsView.swift in Sources */ = {isa = PBXBuildFile; fileRef = 313E9CFB5C9B9F2E5A0F645E /* GeneralSettingsView.swift */; };
		761A6C6DF0BA861B384B7BBA /* PullRequestInfo.swift in Sources */ = {isa = PBXBuildFile; fileRef = D0F95F0D684BC863684D8241 /* PullRequestInfo.swift */; };
		77FB6F89F2B198720617DE45 /* WorktreeRemovalDialogs.swift in Sources */ = {isa = PBXBuildFile; fileRef = F0FA705C14D042B509BA130D /* WorktreeRemovalDialogs.swift */; };
		78CA79D990B38BC4BA845726 /* MockGitExecutor.swift in Sources */ = {isa = PBXBuildFile; fileRef = D17D255D9C03D39E65FC37E5 /* MockGitExecutor.swift */; };
		7DC6228DB15054EE52B4F8CB /* WorktreeManagerTests.swift in Sources */ = {isa = PBXBuildFile; fileRef = A2A39FCA55BDC5AFC0131335 /* WorktreeManagerTests.swift */; };
		80092B38847E833C625A2FC9 /* WorktreeListViewModelTests.swift in Sources */ = {isa = PBXBuildFile; fileRef = ABF450885A0658CB279EE089 /* WorktreeListViewModelTests.swift */; };
		81182F4E1FD7B88AE6CCD9C2 /* Date+RelativeTime.swift in Sources */ = {isa = PBXBuildFile; fileRef = 71C73C1DDF96F9DBDBE34C9D /* Date+RelativeTime.swift */; };
		83813D0890D4D7B8E1705EE3 /* SettingsView.swift in Sources */ = {isa = PBXBuildFile; fileRef = 6F7C98BC9064213F12D218E3 /* SettingsView.swift */; };
		83D7231E6DC8D4F148FC9F67 /* NotificationManager.swift in Sources */ = {isa = PBXBuildFile; fileRef = 811A9D3615B46E7D12735276 /* NotificationManager.swift */; };
		87214B7F1DF98D6DDC0902D3 /* ImportPRViewModel.swift in Sources */ = {isa = PBXBuildFile; fileRef = 41217BF38EB2E221F3B98D28 /* ImportPRViewModel.swift */; };
		87B32EA8996A649FA7D63374 /* HotkeyRecorderViewModel.swift in Sources */ = {isa = PBXBuildFile; fileRef = 0B33C7BCD44A72391639B610 /* HotkeyRecorderViewModel.swift */; };
		8C7C7074832657257E597751 /* WorktreeListViewModelImportTests.swift in Sources */ = {isa = PBXBuildFile; fileRef = F6949AB98960591D37ABCC59 /* WorktreeListViewModelImportTests.swift */; };
		8F6CAE8BC5B53C5853403163 /* TableViewFocuser.swift in Sources */ = {isa = PBXBuildFile; fileRef = 57785D34B9D0B2A310613F75 /* TableViewFocuser.swift */; };
		904051CD4BAE23C83E6F05EA /* RepositorySettingsView.swift in Sources */ = {isa = PBXBuildFile; fileRef = 0590D938B57D29A509B839A9 /* RepositorySettingsView.swift */; };
		90573263CD7CCB51F38F1F2C /* RepositorySelectorView.swift in Sources */ = {isa = PBXBuildFile; fileRef = 64B3B3B1F44A78CB74EE99F8 /* RepositorySelectorView.swift */; };
		90B73335B9C85BA0C70843D0 /* WorktreeFileCopier.swift in Sources */ = {isa = PBXBuildFile; fileRef = B344DBF698890D1B13BB69D6 /* WorktreeFileCopier.swift */; };
		937BABFBB6A058168B1F67D3 /* MenuBarIcon.svg in Resources */ = {isa = PBXBuildFile; fileRef = BDCFA92CC6D4F4BDC422F3E2 /* MenuBarIcon.svg */; };
		96B92319C7A41781AC764E80 /* AppSettings.swift in Sources */ = {isa = PBXBuildFile; fileRef = C219D40D70456373AB9C842E /* AppSettings.swift */; };
		9CA230CEB954B49CE4036FB9 /* WorktreeListView.swift in Sources */ = {isa = PBXBuildFile; fileRef = E6AE572EAF819FF7917FB985 /* WorktreeListView.swift */; };
		A00DF8B5591361457887300F /* RepositoryStoreRenameTests.swift in Sources */ = {isa = PBXBuildFile; fileRef = 13A81FF314A143B73B1AB7C8 /* RepositoryStoreRenameTests.swift */; };
		A04EF872B11EC64861D1931F /* PullRequestInfoTests.swift in Sources */ = {isa = PBXBuildFile; fileRef = C9F3D7DAE61099FF17488E05 /* PullRequestInfoTests.swift */; };
		A1B84A7C2495A084A1A9A9C3 /* GitHeadMonitor.swift in Sources */ = {isa = PBXBuildFile; fileRef = 8D0B554A7A3F05F099599D36 /* GitHeadMonitor.swift */; };
		A7622C78F2ECEA8730DB9443 /* WorktreeMetadata.swift in Sources */ = {isa = PBXBuildFile; fileRef = F5F0F523CFE13B485CFE49BC /* WorktreeMetadata.swift */; };
		A9952AC5543B61C64F6B8CD7 /* WorktreeListViewModel+QuickRemove.swift in Sources */ = {isa = PBXBuildFile; fileRef = 13D393C572C1B05B276D7B5A /* WorktreeListViewModel+QuickRemove.swift */; };
		ADBE2761848EDD4D7448F958 /* UpdaterManager.swift in Sources */ = {isa = PBXBuildFile; fileRef = FFB32A5891B624A9E58CAA49 /* UpdaterManager.swift */; };
		B1ED113BDF88D0A3D2A2A874 /* RepositoryListViewModel.swift in Sources */ = {isa = PBXBuildFile; fileRef = A34554C16FE6EC54FBB5C200 /* RepositoryListViewModel.swift */; };
		BA7B508992779E01ED6514B9 /* RepositoryStore.swift in Sources */ = {isa = PBXBuildFile; fileRef = 5DE83D40D208FBAE22E78A33 /* RepositoryStore.swift */; };
		BE5701A4F52B99C834D7ACB5 /* ContentView.swift in Sources */ = {isa = PBXBuildFile; fileRef = 284A4CA5F96802A6098EA38B /* ContentView.swift */; };
		BF12B0124F855ED64994FC08 /* ImportPRViewModelTests.swift in Sources */ = {isa = PBXBuildFile; fileRef = 8D4E99B69FBE28C8558EEC50 /* ImportPRViewModelTests.swift */; };
		BFEC814FF0CA3D4A3CAF604B /* BackgroundTaskQueueCallbackTests.swift in Sources */ = {isa = PBXBuildFile; fileRef = 84FF3EA9723E4072334B4C6D /* BackgroundTaskQueueCallbackTests.swift */; };
		C504C333F22E91D5E0B35628 /* AppDelegate.swift in Sources */ = {isa = PBXBuildFile; fileRef = C49FD4751640C27A346AD443 /* AppDelegate.swift */; };
		C7D0F317123923E61CFD41ED /* PullRequestService.swift in Sources */ = {isa = PBXBuildFile; fileRef = B8362992DEC2BA4D89D03E2A /* PullRequestService.swift */; };
		C81634CFFA3B0D0B1D6DC1E4 /* WorktreeListViewModel.swift in Sources */ = {isa = PBXBuildFile; fileRef = 38E89BED48AC12D1BE0AA667 /* WorktreeListViewModel.swift */; };
		C903C1B2B26FFB577D51C6F0 /* WorktreeListViewModelContextMenuTests.swift in Sources */ = {isa = PBXBuildFile; fileRef = 5DFB6A201DF132C6DDBE5D42 /* WorktreeListViewModelContextMenuTests.swift */; };
		CE306852AB0277CAE4E88BCA /* OhMyWorktreeApp.swift in Sources */ = {isa = PBXBuildFile; fileRef = 31E4C67AC16118B79418121C /* OhMyWorktreeApp.swift */; };
		D13B27C586A4730DF2924206 /* GitCommandExecutor.swift in Sources */ = {isa = PBXBuildFile; fileRef = E12BD14A8E992E6A9B4668B7 /* GitCommandExecutor.swift */; };
		D16577BAB8518EBE07DD9FEA /* AppDelegate+Window.swift in Sources */ = {isa = PBXBuildFile; fileRef = 96935A42D04223A55B9D710D /* AppDelegate+Window.swift */; };
		DF0F0E4E4A4812DD10A50781 /* AdvancedSettingsView.swift in Sources */ = {isa = PBXBuildFile; fileRef = A3F2574551AB7B6DFF31880F /* AdvancedSettingsView.swift */; };
		E1248E9B4281B30736BF3F42 /* HotkeyRecorderViewModelTests.swift in Sources */ = {isa = PBXBuildFile; fileRef = 881A1BB15AE24772D0F82EC4 /* HotkeyRecorderViewModelTests.swift */; };
		E34FC4A42A7F3F508F99A086 /* KeyRecordingField.swift in Sources */ = {isa = PBXBuildFile; fileRef = 7AD61EADF2DC10B783912CD1 /* KeyRecordingField.swift */; };
		EC99BC3CAE5790CBD5D6D26E /* ShortcutActionTests.swift in Sources */ = {isa = PBXBuildFile; fileRef = C09FB0B270C86599025ECB8C /* ShortcutActionTests.swift */; };
		EDF2ADCE568E4FA4FCA3C8F9 /* AppDelegate+Actions.swift in Sources */ = {isa = PBXBuildFile; fileRef = 55F7FDE98A327CB12943BBD9 /* AppDelegate+Actions.swift */; };
		EF975EB5439A4AE0D149E441 /* ShortcutAction.swift in Sources */ = {isa = PBXBuildFile; fileRef = ED9DADD9588EF03FDB8DA100 /* ShortcutAction.swift */; };
		F086186299A64C5B427A5474 /* WorktreeManager.swift in Sources */ = {isa = PBXBuildFile; fileRef = 6A761722B5707AF84AB6CA37 /* WorktreeManager.swift */; };
		F22E1D0E3F8C663C0BAEAD97 /* QueueStatusBarView.swift in Sources */ = {isa = PBXBuildFile; fileRef = 3195095F418AC2222D8892EB /* QueueStatusBarView.swift */; };
		FB3FF8FDBBFB2838013C6FC4 /* ShortcutManagerTests.swift in Sources */ = {isa = PBXBuildFile; fileRef = 2A9067CC38D79C1B97FBAEAA /* ShortcutManagerTests.swift */; };
/* End PBXBuildFile section */

/* Begin PBXContainerItemProxy section */
		D69515A915863799468B4D9D /* PBXContainerItemProxy */ = {
			isa = PBXContainerItemProxy;
			containerPortal = FD47DC1499D5D3982F736ED2 /* Project object */;
			proxyType = 1;
			remoteGlobalIDString = 34411DDBFA81DF087C7226BF;
			remoteInfo = OhMyWorktree;
		};
/* End PBXContainerItemProxy section */

/* Begin PBXFileReference section */
		038E188FA5528808D1BCFCC7 /* PullRequestServiceTests.swift */ = {isa = PBXFileReference; lastKnownFileType = sourcecode.swift; path = PullRequestServiceTests.swift; sourceTree = "<group>"; };
		04943FBE79E108AEA932BE7A /* BackgroundTaskQueueTests.swift */ = {isa = PBXFileReference; lastKnownFileType = sourcecode.swift; path = BackgroundTaskQueueTests.swift; sourceTree = "<group>"; };
		051710DB8E7D2B5BEF352CDF /* OhMyWorktreeTests.xctest */ = {isa = PBXFileReference; explicitFileType = wrapper.cfbundle; includeInIndex = 0; path = OhMyWorktreeTests.xctest; sourceTree = BUILT_PRODUCTS_DIR; };
		0590D938B57D29A509B839A9 /* RepositorySettingsView.swift */ = {isa = PBXFileReference; lastKnownFileType = sourcecode.swift; path = RepositorySettingsView.swift; sourceTree = "<group>"; };
		08B45C279C31CE3F9F048056 /* WorktreeManager+GitOps.swift */ = {isa = PBXFileReference; lastKnownFileType = sourcecode.swift; path = "WorktreeManager+GitOps.swift"; sourceTree = "<group>"; };
		0B33C7BCD44A72391639B610 /* HotkeyRecorderViewModel.swift */ = {isa = PBXFileReference; lastKnownFileType = sourcecode.swift; path = HotkeyRecorderViewModel.swift; sourceTree = "<group>"; };
		1024573DB028DE97085DF606 /* PullRequestStateIcon.swift */ = {isa = PBXFileReference; lastKnownFileType = sourcecode.swift; path = PullRequestStateIcon.swift; sourceTree = "<group>"; };
		11E235697287DAAC0D8A697C /* BackgroundJob.swift */ = {isa = PBXFileReference; lastKnownFileType = sourcecode.swift; path = BackgroundJob.swift; sourceTree = "<group>"; };
		12A03AD181020CC2A2003500 /* ImportPRView.swift */ = {isa = PBXFileReference; lastKnownFileType = sourcecode.swift; path = ImportPRView.swift; sourceTree = "<group>"; };
		13A81FF314A143B73B1AB7C8 /* RepositoryStoreRenameTests.swift */ = {isa = PBXFileReference; lastKnownFileType = sourcecode.swift; path = RepositoryStoreRenameTests.swift; sourceTree = "<group>"; };
		13D393C572C1B05B276D7B5A /* WorktreeListViewModel+QuickRemove.swift */ = {isa = PBXFileReference; lastKnownFileType = sourcecode.swift; path = "WorktreeListViewModel+QuickRemove.swift"; sourceTree = "<group>"; };
		155B3645306233DD226910E8 /* ExternalToolLauncher.swift */ = {isa = PBXFileReference; lastKnownFileType = sourcecode.swift; path = ExternalToolLauncher.swift; sourceTree = "<group>"; };
		1E244AEB611F8ACEFC7862B5 /* Info.plist */ = {isa = PBXFileReference; lastKnownFileType = text.plist; path = Info.plist; sourceTree = "<group>"; };
		1E37907BD97EF1278CAD9A1B /* WorktreeMetadataTests.swift */ = {isa = PBXFileReference; lastKnownFileType = sourcecode.swift; path = WorktreeMetadataTests.swift; sourceTree = "<group>"; };
		284A4CA5F96802A6098EA38B /* ContentView.swift */ = {isa = PBXFileReference; lastKnownFileType = sourcecode.swift; path = ContentView.swift; sourceTree = "<group>"; };
		2A9067CC38D79C1B97FBAEAA /* ShortcutManagerTests.swift */ = {isa = PBXFileReference; lastKnownFileType = sourcecode.swift; path = ShortcutManagerTests.swift; sourceTree = "<group>"; };
		313E9CFB5C9B9F2E5A0F645E /* GeneralSettingsView.swift */ = {isa = PBXFileReference; lastKnownFileType = sourcecode.swift; path = GeneralSettingsView.swift; sourceTree = "<group>"; };
		3195095F418AC2222D8892EB /* QueueStatusBarView.swift */ = {isa = PBXFileReference; lastKnownFileType = sourcecode.swift; path = QueueStatusBarView.swift; sourceTree = "<group>"; };
		31E4C67AC16118B79418121C /* OhMyWorktreeApp.swift */ = {isa = PBXFileReference; lastKnownFileType = sourcecode.swift; path = OhMyWorktreeApp.swift; sourceTree = "<group>"; };
		357788F755345191A8549BDD /* HotkeyManager.swift */ = {isa = PBXFileReference; lastKnownFileType = sourcecode.swift; path = HotkeyManager.swift; sourceTree = "<group>"; };
		38E89BED48AC12D1BE0AA667 /* WorktreeListViewModel.swift */ = {isa = PBXFileReference; lastKnownFileType = sourcecode.swift; path = WorktreeListViewModel.swift; sourceTree = "<group>"; };
		3C1B43B188C597C61F1DC2EA /* Repository.swift */ = {isa = PBXFileReference; lastKnownFileType = sourcecode.swift; path = Repository.swift; sourceTree = "<group>"; };
		3E110EB7715E49CA580231B2 /* WorktreeListViewModel+ExternalTools.swift */ = {isa = PBXFileReference; lastKnownFileType = sourcecode.swift; path = "WorktreeListViewModel+ExternalTools.swift"; sourceTree = "<group>"; };
		41217BF38EB2E221F3B98D28 /* ImportPRViewModel.swift */ = {isa = PBXFileReference; lastKnownFileType = sourcecode.swift; path = ImportPRViewModel.swift; sourceTree = "<group>"; };
		45E90BF743990ABDF5F54752 /* WorktreeFileCopierTests.swift */ = {isa = PBXFileReference; lastKnownFileType = sourcecode.swift; path = WorktreeFileCopierTests.swift; sourceTree = "<group>"; };
		480F07AB9D151580E4392F2C /* WorktreeManager+Parsing.swift */ = {isa = PBXFileReference; lastKnownFileType = sourcecode.swift; path = "WorktreeManager+Parsing.swift"; sourceTree = "<group>"; };
		48C7BE2DF5F955131E669BE3 /* AppDelegateColdStartTests.swift */ = {isa = PBXFileReference; lastKnownFileType = sourcecode.swift; path = AppDelegateColdStartTests.swift; sourceTree = "<group>"; };
		55F7FDE98A327CB12943BBD9 /* AppDelegate+Actions.swift */ = {isa = PBXFileReference; lastKnownFileType = sourcecode.swift; path = "AppDelegate+Actions.swift"; sourceTree = "<group>"; };
		57785D34B9D0B2A310613F75 /* TableViewFocuser.swift */ = {isa = PBXFileReference; lastKnownFileType = sourcecode.swift; path = TableViewFocuser.swift; sourceTree = "<group>"; };
		5DE83D40D208FBAE22E78A33 /* RepositoryStore.swift */ = {isa = PBXFileReference; lastKnownFileType = sourcecode.swift; path = RepositoryStore.swift; sourceTree = "<group>"; };
		5DFB6A201DF132C6DDBE5D42 /* WorktreeListViewModelContextMenuTests.swift */ = {isa = PBXFileReference; lastKnownFileType = sourcecode.swift; path = WorktreeListViewModelContextMenuTests.swift; sourceTree = "<group>"; };
		6460930465C1945BB9E708A7 /* WorktreeListViewModelSelectionTests.swift */ = {isa = PBXFileReference; lastKnownFileType = sourcecode.swift; path = WorktreeListViewModelSelectionTests.swift; sourceTree = "<group>"; };
		64B3B3B1F44A78CB74EE99F8 /* RepositorySelectorView.swift */ = {isa = PBXFileReference; lastKnownFileType = sourcecode.swift; path = RepositorySelectorView.swift; sourceTree = "<group>"; };
		688E52A50119AE1D61EBC870 /* BackgroundTaskQueue.swift */ = {isa = PBXFileReference; lastKnownFileType = sourcecode.swift; path = BackgroundTaskQueue.swift; sourceTree = "<group>"; };
		68D6DA2DB9FCC472CF45E5EB /* ShortcutsSettingsView.swift */ = {isa = PBXFileReference; lastKnownFileType = sourcecode.swift; path = ShortcutsSettingsView.swift; sourceTree = "<group>"; };
		6A761722B5707AF84AB6CA37 /* WorktreeManager.swift */ = {isa = PBXFileReference; lastKnownFileType = sourcecode.swift; path = WorktreeManager.swift; sourceTree = "<group>"; };
		6BB917EB3E6DA41526EE7D6D /* TestHelpers.swift */ = {isa = PBXFileReference; lastKnownFileType = sourcecode.swift; path = TestHelpers.swift; sourceTree = "<group>"; };
		6F7C98BC9064213F12D218E3 /* SettingsView.swift */ = {isa = PBXFileReference; lastKnownFileType = sourcecode.swift; path = SettingsView.swift; sourceTree = "<group>"; };
		71C73C1DDF96F9DBDBE34C9D /* Date+RelativeTime.swift */ = {isa = PBXFileReference; lastKnownFileType = sourcecode.swift; path = "Date+RelativeTime.swift"; sourceTree = "<group>"; };
		73CCA7E1C1ACBAF4E4291EA8 /* Assets.xcassets */ = {isa = PBXFileReference; lastKnownFileType = folder.assetcatalog; path = Assets.xcassets; sourceTree = "<group>"; };
		7AD61EADF2DC10B783912CD1 /* KeyRecordingField.swift */ = {isa = PBXFileReference; lastKnownFileType = sourcecode.swift; path = KeyRecordingField.swift; sourceTree = "<group>"; };
		811A9D3615B46E7D12735276 /* NotificationManager.swift */ = {isa = PBXFileReference; lastKnownFileType = sourcecode.swift; path = NotificationManager.swift; sourceTree = "<group>"; };
		81C4077AB44A985FC65272E4 /* RepositoryListViewModelTests.swift */ = {isa = PBXFileReference; lastKnownFileType = sourcecode.swift; path = RepositoryListViewModelTests.swift; sourceTree = "<group>"; };
		84FF3EA9723E4072334B4C6D /* BackgroundTaskQueueCallbackTests.swift */ = {isa = PBXFileReference; lastKnownFileType = sourcecode.swift; path = BackgroundTaskQueueCallbackTests.swift; sourceTree = "<group>"; };
		881A1BB15AE24772D0F82EC4 /* HotkeyRecorderViewModelTests.swift */ = {isa = PBXFileReference; lastKnownFileType = sourcecode.swift; path = HotkeyRecorderViewModelTests.swift; sourceTree = "<group>"; };
		8C48E8BD55146561E170E91A /* WorktreeRowView.swift */ = {isa = PBXFileReference; lastKnownFileType = sourcecode.swift; path = WorktreeRowView.swift; sourceTree = "<group>"; };
		8D0B554A7A3F05F099599D36 /* GitHeadMonitor.swift */ = {isa = PBXFileReference; lastKnownFileType = sourcecode.swift; path = GitHeadMonitor.swift; sourceTree = "<group>"; };
		8D4E99B69FBE28C8558EEC50 /* ImportPRViewModelTests.swift */ = {isa = PBXFileReference; lastKnownFileType = sourcecode.swift; path = ImportPRViewModelTests.swift; sourceTree = "<group>"; };
		92C079207B4A1020DEDB71F4 /* HotkeyRecorderView.swift */ = {isa = PBXFileReference; lastKnownFileType = sourcecode.swift; path = HotkeyRecorderView.swift; sourceTree = "<group>"; };
		96935A42D04223A55B9D710D /* AppDelegate+Window.swift */ = {isa = PBXFileReference; lastKnownFileType = sourcecode.swift; path = "AppDelegate+Window.swift"; sourceTree = "<group>"; };
		9BBF676DB7A8AE7653B7EC55 /* UpdatesSettingsView.swift */ = {isa = PBXFileReference; lastKnownFileType = sourcecode.swift; path = UpdatesSettingsView.swift; sourceTree = "<group>"; };
		9BD25714038218BA848A16DA /* WorktreeTests.swift */ = {isa = PBXFileReference; lastKnownFileType = sourcecode.swift; path = WorktreeTests.swift; sourceTree = "<group>"; };
		9D47F034CB7C89712C2CACFD /* WorktreeManagerRemoteBranchTests.swift */ = {isa = PBXFileReference; lastKnownFileType = sourcecode.swift; path = WorktreeManagerRemoteBranchTests.swift; sourceTree = "<group>"; };
		9E4573C30ACEBDEC8AE2233B /* ShortcutManager.swift */ = {isa = PBXFileReference; lastKnownFileType = sourcecode.swift; path = ShortcutManager.swift; sourceTree = "<group>"; };
		A200952D514CDC6E761D7D31 /* RandomNameGenerator.swift */ = {isa = PBXFileReference; lastKnownFileType = sourcecode.swift; path = RandomNameGenerator.swift; sourceTree = "<group>"; };
		A2A39FCA55BDC5AFC0131335 /* WorktreeManagerTests.swift */ = {isa = PBXFileReference; lastKnownFileType = sourcecode.swift; path = WorktreeManagerTests.swift; sourceTree = "<group>"; };
		A34554C16FE6EC54FBB5C200 /* RepositoryListViewModel.swift */ = {isa = PBXFileReference; lastKnownFileType = sourcecode.swift; path = RepositoryListViewModel.swift; sourceTree = "<group>"; };
		A3F2574551AB7B6DFF31880F /* AdvancedSettingsView.swift */ = {isa = PBXFileReference; lastKnownFileType = sourcecode.swift; path = AdvancedSettingsView.swift; sourceTree = "<group>"; };
		AB7DCB0D9BD7764BC9BC08F6 /* OhMyWorktree.app */ = {isa = PBXFileReference; explicitFileType = wrapper.application; includeInIndex = 0; path = OhMyWorktree.app; sourceTree = BUILT_PRODUCTS_DIR; };
		ABF450885A0658CB279EE089 /* WorktreeListViewModelTests.swift */ = {isa = PBXFileReference; lastKnownFileType = sourcecode.swift; path = WorktreeListViewModelTests.swift; sourceTree = "<group>"; };
		AFE7A83D915B984C5F6EEEAC /* Worktree.swift */ = {isa = PBXFileReference; lastKnownFileType = sourcecode.swift; path = Worktree.swift; sourceTree = "<group>"; };
		B344DBF698890D1B13BB69D6 /* WorktreeFileCopier.swift */ = {isa = PBXFileReference; lastKnownFileType = sourcecode.swift; path = WorktreeFileCopier.swift; sourceTree = "<group>"; };
		B8362992DEC2BA4D89D03E2A /* PullRequestService.swift */ = {isa = PBXFileReference; lastKnownFileType = sourcecode.swift; path = PullRequestService.swift; sourceTree = "<group>"; };
		BBE71833015D389E58D69922 /* HotkeyManagerTests.swift */ = {isa = PBXFileReference; lastKnownFileType = sourcecode.swift; path = HotkeyManagerTests.swift; sourceTree = "<group>"; };
		BDCFA92CC6D4F4BDC422F3E2 /* MenuBarIcon.svg */ = {isa = PBXFileReference; path = MenuBarIcon.svg; sourceTree = "<group>"; };
		BF799E855838610F7B5E4345 /* RepositoryListViewModelNavigationTests.swift */ = {isa = PBXFileReference; lastKnownFileType = sourcecode.swift; path = RepositoryListViewModelNavigationTests.swift; sourceTree = "<group>"; };
		C09FB0B270C86599025ECB8C /* ShortcutActionTests.swift */ = {isa = PBXFileReference; lastKnownFileType = sourcecode.swift; path = ShortcutActionTests.swift; sourceTree = "<group>"; };
		C219D40D70456373AB9C842E /* AppSettings.swift */ = {isa = PBXFileReference; lastKnownFileType = sourcecode.swift; path = AppSettings.swift; sourceTree = "<group>"; };
		C49FD4751640C27A346AD443 /* AppDelegate.swift */ = {isa = PBXFileReference; lastKnownFileType = sourcecode.swift; path = AppDelegate.swift; sourceTree = "<group>"; };
		C843B3047D22F1A56EAE0AFB /* WindowObserver.swift */ = {isa = PBXFileReference; lastKnownFileType = sourcecode.swift; path = WindowObserver.swift; sourceTree = "<group>"; };
		C9F3D7DAE61099FF17488E05 /* PullRequestInfoTests.swift */ = {isa = PBXFileReference; lastKnownFileType = sourcecode.swift; path = PullRequestInfoTests.swift; sourceTree = "<group>"; };
		CA1521E4788D6CDF1C92F4C9 /* BackgroundJobStateTests.swift */ = {isa = PBXFileReference; lastKnownFileType = sourcecode.swift; path = BackgroundJobStateTests.swift; sourceTree = "<group>"; };
		CFCCF64227A4F11AF7BA80B6 /* OhMyWorktreeError.swift */ = {isa = PBXFileReference; lastKnownFileType = sourcecode.swift; path = OhMyWorktreeError.swift; sourceTree = "<group>"; };
		D0F95F0D684BC863684D8241 /* PullRequestInfo.swift */ = {isa = PBXFileReference; lastKnownFileType = sourcecode.swift; path = PullRequestInfo.swift; sourceTree = "<group>"; };
		D17D255D9C03D39E65FC37E5 /* MockGitExecutor.swift */ = {isa = PBXFileReference; lastKnownFileType = sourcecode.swift; path = MockGitExecutor.swift; sourceTree = "<group>"; };
		D367A4F79D360C4F51AA85FE /* WorktreeListViewModelEnrichmentTests.swift */ = {isa = PBXFileReference; lastKnownFileType = sourcecode.swift; path = WorktreeListViewModelEnrichmentTests.swift; sourceTree = "<group>"; };
		D8736AEED259ECCE858F5BFE /* AppIcon_original.svg */ = {isa = PBXFileReference; path = AppIcon_original.svg; sourceTree = "<group>"; };
		E12BD14A8E992E6A9B4668B7 /* GitCommandExecutor.swift */ = {isa = PBXFileReference; lastKnownFileType = sourcecode.swift; path = GitCommandExecutor.swift; sourceTree = "<group>"; };
		E6AE572EAF819FF7917FB985 /* WorktreeListView.swift */ = {isa = PBXFileReference; lastKnownFileType = sourcecode.swift; path = WorktreeListView.swift; sourceTree = "<group>"; };
		ED9DADD9588EF03FDB8DA100 /* ShortcutAction.swift */ = {isa = PBXFileReference; lastKnownFileType = sourcecode.swift; path = ShortcutAction.swift; sourceTree = "<group>"; };
		F0FA705C14D042B509BA130D /* WorktreeRemovalDialogs.swift */ = {isa = PBXFileReference; lastKnownFileType = sourcecode.swift; path = WorktreeRemovalDialogs.swift; sourceTree = "<group>"; };
		F5F0F523CFE13B485CFE49BC /* WorktreeMetadata.swift */ = {isa = PBXFileReference; lastKnownFileType = sourcecode.swift; path = WorktreeMetadata.swift; sourceTree = "<group>"; };
		F6949AB98960591D37ABCC59 /* WorktreeListViewModelImportTests.swift */ = {isa = PBXFileReference; lastKnownFileType = sourcecode.swift; path = WorktreeListViewModelImportTests.swift; sourceTree = "<group>"; };
		FA7A8C9DCCF77EF800527928 /* AppDelegate+Menu.swift */ = {isa = PBXFileReference; lastKnownFileType = sourcecode.swift; path = "AppDelegate+Menu.swift"; sourceTree = "<group>"; };
		FF013CC10C926B764410FBEF /* WorktreeListViewModel+ContextMenu.swift */ = {isa = PBXFileReference; lastKnownFileType = sourcecode.swift; path = "WorktreeListViewModel+ContextMenu.swift"; sourceTree = "<group>"; };
		FFB32A5891B624A9E58CAA49 /* UpdaterManager.swift */ = {isa = PBXFileReference; lastKnownFileType = sourcecode.swift; path = UpdaterManager.swift; sourceTree = "<group>"; };
/* End PBXFileReference section */

/* Begin PBXFrameworksBuildPhase section */
		8887AF1AF9D10274C5F0E81D /* Frameworks */ = {
			isa = PBXFrameworksBuildPhase;
			buildActionMask = 2147483647;
			files = (
				360142061D0A4B3D4350737F /* Sparkle in Frameworks */,
			);
			runOnlyForDeploymentPostprocessing = 0;
		};
/* End PBXFrameworksBuildPhase section */

/* Begin PBXGroup section */
		28E523E37A889B517B21BD6D /* Extensions */ = {
			isa = PBXGroup;
			children = (
				71C73C1DDF96F9DBDBE34C9D /* Date+RelativeTime.swift */,
			);
			path = Extensions;
			sourceTree = "<group>";
		};
		2CB433639A5E8438A723AD23 /* ViewModels */ = {
			isa = PBXGroup;
			children = (
				0B33C7BCD44A72391639B610 /* HotkeyRecorderViewModel.swift */,
				41217BF38EB2E221F3B98D28 /* ImportPRViewModel.swift */,
				A34554C16FE6EC54FBB5C200 /* RepositoryListViewModel.swift */,
				38E89BED48AC12D1BE0AA667 /* WorktreeListViewModel.swift */,
				FF013CC10C926B764410FBEF /* WorktreeListViewModel+ContextMenu.swift */,
				3E110EB7715E49CA580231B2 /* WorktreeListViewModel+ExternalTools.swift */,
				13D393C572C1B05B276D7B5A /* WorktreeListViewModel+QuickRemove.swift */,
			);
			path = ViewModels;
			sourceTree = "<group>";
		};
		31977D589F9DEB08CB9961BA /* Services */ = {
			isa = PBXGroup;
			children = (
				688E52A50119AE1D61EBC870 /* BackgroundTaskQueue.swift */,
				155B3645306233DD226910E8 /* ExternalToolLauncher.swift */,
				E12BD14A8E992E6A9B4668B7 /* GitCommandExecutor.swift */,
				8D0B554A7A3F05F099599D36 /* GitHeadMonitor.swift */,
				357788F755345191A8549BDD /* HotkeyManager.swift */,
				811A9D3615B46E7D12735276 /* NotificationManager.swift */,
				B8362992DEC2BA4D89D03E2A /* PullRequestService.swift */,
				A200952D514CDC6E761D7D31 /* RandomNameGenerator.swift */,
				5DE83D40D208FBAE22E78A33 /* RepositoryStore.swift */,
				9E4573C30ACEBDEC8AE2233B /* ShortcutManager.swift */,
				FFB32A5891B624A9E58CAA49 /* UpdaterManager.swift */,
				C843B3047D22F1A56EAE0AFB /* WindowObserver.swift */,
				B344DBF698890D1B13BB69D6 /* WorktreeFileCopier.swift */,
				6A761722B5707AF84AB6CA37 /* WorktreeManager.swift */,
				08B45C279C31CE3F9F048056 /* WorktreeManager+GitOps.swift */,
				480F07AB9D151580E4392F2C /* WorktreeManager+Parsing.swift */,
			);
			path = Services;
			sourceTree = "<group>";
		};
		3B56166A537E658017960706 /* OhMyWorktreeTests */ = {
			isa = PBXGroup;
			children = (
				48C7BE2DF5F955131E669BE3 /* AppDelegateColdStartTests.swift */,
				CA1521E4788D6CDF1C92F4C9 /* BackgroundJobStateTests.swift */,
				84FF3EA9723E4072334B4C6D /* BackgroundTaskQueueCallbackTests.swift */,
				04943FBE79E108AEA932BE7A /* BackgroundTaskQueueTests.swift */,
				BBE71833015D389E58D69922 /* HotkeyManagerTests.swift */,
				881A1BB15AE24772D0F82EC4 /* HotkeyRecorderViewModelTests.swift */,
				8D4E99B69FBE28C8558EEC50 /* ImportPRViewModelTests.swift */,
				D17D255D9C03D39E65FC37E5 /* MockGitExecutor.swift */,
				C9F3D7DAE61099FF17488E05 /* PullRequestInfoTests.swift */,
				038E188FA5528808D1BCFCC7 /* PullRequestServiceTests.swift */,
				BF799E855838610F7B5E4345 /* RepositoryListViewModelNavigationTests.swift */,
				81C4077AB44A985FC65272E4 /* RepositoryListViewModelTests.swift */,
				13A81FF314A143B73B1AB7C8 /* RepositoryStoreRenameTests.swift */,
				C09FB0B270C86599025ECB8C /* ShortcutActionTests.swift */,
				2A9067CC38D79C1B97FBAEAA /* ShortcutManagerTests.swift */,
				6BB917EB3E6DA41526EE7D6D /* TestHelpers.swift */,
				45E90BF743990ABDF5F54752 /* WorktreeFileCopierTests.swift */,
				5DFB6A201DF132C6DDBE5D42 /* WorktreeListViewModelContextMenuTests.swift */,
				D367A4F79D360C4F51AA85FE /* WorktreeListViewModelEnrichmentTests.swift */,
				F6949AB98960591D37ABCC59 /* WorktreeListViewModelImportTests.swift */,
				6460930465C1945BB9E708A7 /* WorktreeListViewModelSelectionTests.swift */,
				ABF450885A0658CB279EE089 /* WorktreeListViewModelTests.swift */,
				9D47F034CB7C89712C2CACFD /* WorktreeManagerRemoteBranchTests.swift */,
				A2A39FCA55BDC5AFC0131335 /* WorktreeManagerTests.swift */,
				1E37907BD97EF1278CAD9A1B /* WorktreeMetadataTests.swift */,
				9BD25714038218BA848A16DA /* WorktreeTests.swift */,
			);
			path = OhMyWorktreeTests;
			sourceTree = "<group>";
		};
		42DAE792EFCDE5A1BBE5F62D /* OhMyWorktree */ = {
			isa = PBXGroup;
			children = (
				C49FD4751640C27A346AD443 /* AppDelegate.swift */,
				55F7FDE98A327CB12943BBD9 /* AppDelegate+Actions.swift */,
				FA7A8C9DCCF77EF800527928 /* AppDelegate+Menu.swift */,
				96935A42D04223A55B9D710D /* AppDelegate+Window.swift */,
				73CCA7E1C1ACBAF4E4291EA8 /* Assets.xcassets */,
				1E244AEB611F8ACEFC7862B5 /* Info.plist */,
				31E4C67AC16118B79418121C /* OhMyWorktreeApp.swift */,
				28E523E37A889B517B21BD6D /* Extensions */,
				9951BB49C3A159F4FAEDBADD /* Models */,
				590CBC428F37846B356EDBBD /* Resources */,
				31977D589F9DEB08CB9961BA /* Services */,
				2CB433639A5E8438A723AD23 /* ViewModels */,
				6FC3B85934E2504AF630A4FE /* Views */,
			);
			path = OhMyWorktree;
			sourceTree = "<group>";
		};
		590CBC428F37846B356EDBBD /* Resources */ = {
			isa = PBXGroup;
			children = (
				D8736AEED259ECCE858F5BFE /* AppIcon_original.svg */,
				BDCFA92CC6D4F4BDC422F3E2 /* MenuBarIcon.svg */,
			);
			path = Resources;
			sourceTree = "<group>";
		};
		6FC3B85934E2504AF630A4FE /* Views */ = {
			isa = PBXGroup;
			children = (
				A3F2574551AB7B6DFF31880F /* AdvancedSettingsView.swift */,
				284A4CA5F96802A6098EA38B /* ContentView.swift */,
				313E9CFB5C9B9F2E5A0F645E /* GeneralSettingsView.swift */,
				92C079207B4A1020DEDB71F4 /* HotkeyRecorderView.swift */,
				12A03AD181020CC2A2003500 /* ImportPRView.swift */,
				7AD61EADF2DC10B783912CD1 /* KeyRecordingField.swift */,
				1024573DB028DE97085DF606 /* PullRequestStateIcon.swift */,
				3195095F418AC2222D8892EB /* QueueStatusBarView.swift */,
				64B3B3B1F44A78CB74EE99F8 /* RepositorySelectorView.swift */,
				0590D938B57D29A509B839A9 /* RepositorySettingsView.swift */,
				6F7C98BC9064213F12D218E3 /* SettingsView.swift */,
				68D6DA2DB9FCC472CF45E5EB /* ShortcutsSettingsView.swift */,
				57785D34B9D0B2A310613F75 /* TableViewFocuser.swift */,
				9BBF676DB7A8AE7653B7EC55 /* UpdatesSettingsView.swift */,
				E6AE572EAF819FF7917FB985 /* WorktreeListView.swift */,
				F0FA705C14D042B509BA130D /* WorktreeRemovalDialogs.swift */,
				8C48E8BD55146561E170E91A /* WorktreeRowView.swift */,
			);
			path = Views;
			sourceTree = "<group>";
		};
		9951BB49C3A159F4FAEDBADD /* Models */ = {
			isa = PBXGroup;
			children = (
				C219D40D70456373AB9C842E /* AppSettings.swift */,
				11E235697287DAAC0D8A697C /* BackgroundJob.swift */,
				CFCCF64227A4F11AF7BA80B6 /* OhMyWorktreeError.swift */,
				D0F95F0D684BC863684D8241 /* PullRequestInfo.swift */,
				3C1B43B188C597C61F1DC2EA /* Repository.swift */,
				ED9DADD9588EF03FDB8DA100 /* ShortcutAction.swift */,
				AFE7A83D915B984C5F6EEEAC /* Worktree.swift */,
				F5F0F523CFE13B485CFE49BC /* WorktreeMetadata.swift */,
			);
			path = Models;
			sourceTree = "<group>";
		};
		CF1BC95A27DCE4FD3C37C798 /* Products */ = {
			isa = PBXGroup;
			children = (
				AB7DCB0D9BD7764BC9BC08F6 /* OhMyWorktree.app */,
				051710DB8E7D2B5BEF352CDF /* OhMyWorktreeTests.xctest */,
			);
			name = Products;
			sourceTree = "<group>";
		};
		E24E11112DD38BB9817DC8CE = {
			isa = PBXGroup;
			children = (
				42DAE792EFCDE5A1BBE5F62D /* OhMyWorktree */,
				3B56166A537E658017960706 /* OhMyWorktreeTests */,
				CF1BC95A27DCE4FD3C37C798 /* Products */,
			);
			sourceTree = "<group>";
		};
/* End PBXGroup section */

/* Begin PBXNativeTarget section */
		182EF5A2C09972E8E65C175F /* OhMyWorktreeTests */ = {
			isa = PBXNativeTarget;
			buildConfigurationList = 2CC06542532DEEBD3CC3851F /* Build configuration list for PBXNativeTarget "OhMyWorktreeTests" */;
			buildPhases = (
				8EFEEB81275CB55136AE36B6 /* Sources */,
			);
			buildRules = (
			);
			dependencies = (
				811AF664EE98D0FBEB970FCF /* PBXTargetDependency */,
			);
			name = OhMyWorktreeTests;
			packageProductDependencies = (
			);
			productName = OhMyWorktreeTests;
			productReference = 051710DB8E7D2B5BEF352CDF /* OhMyWorktreeTests.xctest */;
			productType = "com.apple.product-type.bundle.unit-test";
		};
		34411DDBFA81DF087C7226BF /* OhMyWorktree */ = {
			isa = PBXNativeTarget;
			buildConfigurationList = BF5369B062753B98966CC775 /* Build configuration list for PBXNativeTarget "OhMyWorktree" */;
			buildPhases = (
				86AFCA224C3663917CE6196A /* SwiftLint */,
				BBA496511C689A80B7DB5528 /* Sources */,
				FF2FF9FC85463811CE911B1B /* Embed Git Commit Hash */,
				346CF7640FFC5EE403C6A669 /* Resources */,
				8887AF1AF9D10274C5F0E81D /* Frameworks */,
			);
			buildRules = (
			);
			dependencies = (
			);
			name = OhMyWorktree;
			packageProductDependencies = (
				9C6FD25E01D2C241945E1D05 /* Sparkle */,
			);
			productName = OhMyWorktree;
			productReference = AB7DCB0D9BD7764BC9BC08F6 /* OhMyWorktree.app */;
			productType = "com.apple.product-type.application";
		};
/* End PBXNativeTarget section */

/* Begin PBXProject section */
		FD47DC1499D5D3982F736ED2 /* Project object */ = {
			isa = PBXProject;
			attributes = {
				BuildIndependentTargetsInParallel = YES;
				LastUpgradeCheck = 1500;
			};
			buildConfigurationList = 47A4DC02C75C6B13C2C826D7 /* Build configuration list for PBXProject "OhMyWorktree" */;
			compatibilityVersion = "Xcode 14.0";
			developmentRegion = en;
			hasScannedForEncodings = 0;
			knownRegions = (
				Base,
				en,
			);
			mainGroup = E24E11112DD38BB9817DC8CE;
			minimizedProjectReferenceProxies = 1;
			packageReferences = (
				02C86F602F1495B106DDAAA6 /* XCRemoteSwiftPackageReference "Sparkle" */,
			);
			preferredProjectObjectVersion = 77;
			projectDirPath = "";
			projectRoot = "";
			targets = (
				34411DDBFA81DF087C7226BF /* OhMyWorktree */,
				182EF5A2C09972E8E65C175F /* OhMyWorktreeTests */,
			);
		};
/* End PBXProject section */

/* Begin PBXResourcesBuildPhase section */
		346CF7640FFC5EE403C6A669 /* Resources */ = {
			isa = PBXResourcesBuildPhase;
			buildActionMask = 2147483647;
			files = (
				3EB8C4AB75DF90CAAA7764C0 /* AppIcon_original.svg in Resources */,
				1D280B90168CDB181DC5FAE4 /* Assets.xcassets in Resources */,
				937BABFBB6A058168B1F67D3 /* MenuBarIcon.svg in Resources */,
			);
			runOnlyForDeploymentPostprocessing = 0;
		};
/* End PBXResourcesBuildPhase section */

/* Begin PBXShellScriptBuildPhase section */
		86AFCA224C3663917CE6196A /* SwiftLint */ = {
			isa = PBXShellScriptBuildPhase;
			alwaysOutOfDate = 1;
			buildActionMask = 2147483647;
			files = (
			);
			inputFileListPaths = (
			);
			inputPaths = (
			);
			name = SwiftLint;
			outputFileListPaths = (
			);
			outputPaths = (
			);
			runOnlyForDeploymentPostprocessing = 0;
			shellPath = /bin/sh;
			shellScript = "if which swiftlint > /dev/null; then\n  swiftlint\nelse\n  echo \"warning: SwiftLint not installed. Run: brew install swiftlint\"\nfi\n";
		};
		FF2FF9FC85463811CE911B1B /* Embed Git Commit Hash */ = {
			isa = PBXShellScriptBuildPhase;
			alwaysOutOfDate = 1;
			buildActionMask = 2147483647;
			files = (
			);
			inputFileListPaths = (
			);
			inputPaths = (
			);
			name = "Embed Git Commit Hash";
			outputFileListPaths = (
			);
			outputPaths = (
			);
			runOnlyForDeploymentPostprocessing = 0;
			shellPath = /bin/sh;
			shellScript = "GIT_HASH=$(git -C \"${PROJECT_DIR}\" rev-parse --short HEAD 2>/dev/null || echo \"unknown\")\n/usr/libexec/PlistBuddy -c \"Add :GitCommitHash string ${GIT_HASH}\" \"${TARGET_BUILD_DIR}/${INFOPLIST_PATH}\" 2>/dev/null || \\\n/usr/libexec/PlistBuddy -c \"Set :GitCommitHash ${GIT_HASH}\" \"${TARGET_BUILD_DIR}/${INFOPLIST_PATH}\"\n";
		};
/* End PBXShellScriptBuildPhase section */

/* Begin PBXSourcesBuildPhase section */
		8EFEEB81275CB55136AE36B6 /* Sources */ = {
			isa = PBXSourcesBuildPhase;
			buildActionMask = 2147483647;
			files = (
				454889617A7D8475686FA15A /* AppDelegateColdStartTests.swift in Sources */,
				0DCEB362F2A309D8F5E5360D /* BackgroundJobStateTests.swift in Sources */,
				BFEC814FF0CA3D4A3CAF604B /* BackgroundTaskQueueCallbackTests.swift in Sources */,
				018CEB4BA33463D66FC56390 /* BackgroundTaskQueueTests.swift in Sources */,
				2E75657635769738BAE6D205 /* HotkeyManagerTests.swift in Sources */,
				E1248E9B4281B30736BF3F42 /* HotkeyRecorderViewModelTests.swift in Sources */,
				BF12B0124F855ED64994FC08 /* ImportPRViewModelTests.swift in Sources */,
				78CA79D990B38BC4BA845726 /* MockGitExecutor.swift in Sources */,
				A04EF872B11EC64861D1931F /* PullRequestInfoTests.swift in Sources */,
				38723E3C67DD58A9D57EAD4B /* PullRequestServiceTests.swift in Sources */,
				5A71C946790D3FAAC3B2AF80 /* RepositoryListViewModelNavigationTests.swift in Sources */,
				15E1631F96D1D18F037888FE /* RepositoryListViewModelTests.swift in Sources */,
				A00DF8B5591361457887300F /* RepositoryStoreRenameTests.swift in Sources */,
				EC99BC3CAE5790CBD5D6D26E /* ShortcutActionTests.swift in Sources */,
				FB3FF8FDBBFB2838013C6FC4 /* ShortcutManagerTests.swift in Sources */,
				23D59664983897448C98FDCB /* TestHelpers.swift in Sources */,
				671DEF7953036D7C339F1C16 /* WorktreeFileCopierTests.swift in Sources */,
				C903C1B2B26FFB577D51C6F0 /* WorktreeListViewModelContextMenuTests.swift in Sources */,
				2BD7B4F6824F0432D87DE1EC /* WorktreeListViewModelEnrichmentTests.swift in Sources */,
				8C7C7074832657257E597751 /* WorktreeListViewModelImportTests.swift in Sources */,
				3E3BC079BCB09601CF331D43 /* WorktreeListViewModelSelectionTests.swift in Sources */,
				80092B38847E833C625A2FC9 /* WorktreeListViewModelTests.swift in Sources */,
				6037CFB045743E19F0AEA30A /* WorktreeManagerRemoteBranchTests.swift in Sources */,
				7DC6228DB15054EE52B4F8CB /* WorktreeManagerTests.swift in Sources */,
				150BA7D5A0121054A1307FF1 /* WorktreeMetadataTests.swift in Sources */,
				14E42FFD99B49D00630EA203 /* WorktreeTests.swift in Sources */,
			);
			runOnlyForDeploymentPostprocessing = 0;
		};
		BBA496511C689A80B7DB5528 /* Sources */ = {
			isa = PBXSourcesBuildPhase;
			buildActionMask = 2147483647;
			files = (
				DF0F0E4E4A4812DD10A50781 /* AdvancedSettingsView.swift in Sources */,
				EDF2ADCE568E4FA4FCA3C8F9 /* AppDelegate+Actions.swift in Sources */,
				3779563B87300387488F42CB /* AppDelegate+Menu.swift in Sources */,
				D16577BAB8518EBE07DD9FEA /* AppDelegate+Window.swift in Sources */,
				C504C333F22E91D5E0B35628 /* AppDelegate.swift in Sources */,
				96B92319C7A41781AC764E80 /* AppSettings.swift in Sources */,
				069FE3565BC42960E0CFBDEA /* BackgroundJob.swift in Sources */,
				0349E56A97431ED05B90B995 /* BackgroundTaskQueue.swift in Sources */,
				BE5701A4F52B99C834D7ACB5 /* ContentView.swift in Sources */,
				81182F4E1FD7B88AE6CCD9C2 /* Date+RelativeTime.swift in Sources */,
				1D5329DDE42009E76C2650C5 /* ExternalToolLauncher.swift in Sources */,
				6A332083C9E71431CFE77D19 /* GeneralSettingsView.swift in Sources */,
				D13B27C586A4730DF2924206 /* GitCommandExecutor.swift in Sources */,
				A1B84A7C2495A084A1A9A9C3 /* GitHeadMonitor.swift in Sources */,
				027FC3EDE8B7872FE5985BEC /* HotkeyManager.swift in Sources */,
				2DE6E669FC57B2FFF1BB3BB4 /* HotkeyRecorderView.swift in Sources */,
				87B32EA8996A649FA7D63374 /* HotkeyRecorderViewModel.swift in Sources */,
				59C9E6B4357FF5942927E09E /* ImportPRView.swift in Sources */,
				87214B7F1DF98D6DDC0902D3 /* ImportPRViewModel.swift in Sources */,
				E34FC4A42A7F3F508F99A086 /* KeyRecordingField.swift in Sources */,
				83D7231E6DC8D4F148FC9F67 /* NotificationManager.swift in Sources */,
				CE306852AB0277CAE4E88BCA /* OhMyWorktreeApp.swift in Sources */,
				653587B67AD671EEE36C6C93 /* OhMyWorktreeError.swift in Sources */,
				761A6C6DF0BA861B384B7BBA /* PullRequestInfo.swift in Sources */,
				C7D0F317123923E61CFD41ED /* PullRequestService.swift in Sources */,
				322D1AFDBFEEBF607E12181D /* PullRequestStateIcon.swift in Sources */,
				F22E1D0E3F8C663C0BAEAD97 /* QueueStatusBarView.swift in Sources */,
				40504C9B5C87311686050C85 /* RandomNameGenerator.swift in Sources */,
				156C6EB8ECDE30DC56C50A6B /* Repository.swift in Sources */,
				B1ED113BDF88D0A3D2A2A874 /* RepositoryListViewModel.swift in Sources */,
				90573263CD7CCB51F38F1F2C /* RepositorySelectorView.swift in Sources */,
				904051CD4BAE23C83E6F05EA /* RepositorySettingsView.swift in Sources */,
				BA7B508992779E01ED6514B9 /* RepositoryStore.swift in Sources */,
				83813D0890D4D7B8E1705EE3 /* SettingsView.swift in Sources */,
				EF975EB5439A4AE0D149E441 /* ShortcutAction.swift in Sources */,
				40105D13C3D137AE3B04CBA5 /* ShortcutManager.swift in Sources */,
				28AAB167DD6C5B36997EEFDB /* ShortcutsSettingsView.swift in Sources */,
				8F6CAE8BC5B53C5853403163 /* TableViewFocuser.swift in Sources */,
				ADBE2761848EDD4D7448F958 /* UpdaterManager.swift in Sources */,
				4CB1ECCC71F07B92B6C504EB /* UpdatesSettingsView.swift in Sources */,
				638E6CA1194A56DF7C449566 /* WindowObserver.swift in Sources */,
				41DAD45FEC5310D0E461CE31 /* Worktree.swift in Sources */,
				90B73335B9C85BA0C70843D0 /* WorktreeFileCopier.swift in Sources */,
				9CA230CEB954B49CE4036FB9 /* WorktreeListView.swift in Sources */,
				14C88029029914C81941578E /* WorktreeListViewModel+ContextMenu.swift in Sources */,
				5FF69FC201062F843B4C9297 /* WorktreeListViewModel+ExternalTools.swift in Sources */,
				A9952AC5543B61C64F6B8CD7 /* WorktreeListViewModel+QuickRemove.swift in Sources */,
				C81634CFFA3B0D0B1D6DC1E4 /* WorktreeListViewModel.swift in Sources */,
				24D6FB5B97F04ECE5DC221BF /* WorktreeManager+GitOps.swift in Sources */,
				1C1FE0AA00CDDC453D7CD3C9 /* WorktreeManager+Parsing.swift in Sources */,
				F086186299A64C5B427A5474 /* WorktreeManager.swift in Sources */,
				A7622C78F2ECEA8730DB9443 /* WorktreeMetadata.swift in Sources */,
				77FB6F89F2B198720617DE45 /* WorktreeRemovalDialogs.swift in Sources */,
				69D877CD7133DCC2B86870EC /* WorktreeRowView.swift in Sources */,
			);
			runOnlyForDeploymentPostprocessing = 0;
		};
/* End PBXSourcesBuildPhase section */

/* Begin PBXTargetDependency section */
		811AF664EE98D0FBEB970FCF /* PBXTargetDependency */ = {
			isa = PBXTargetDependency;
			target = 34411DDBFA81DF087C7226BF /* OhMyWorktree */;
			targetProxy = D69515A915863799468B4D9D /* PBXContainerItemProxy */;
		};
/* End PBXTargetDependency section */

/* Begin XCBuildConfiguration section */
		11CC73044E1EDE39BDB2ABE4 /* Debug */ = {
			isa = XCBuildConfiguration;
			buildSettings = {
				ASSETCATALOG_COMPILER_APPICON_NAME = AppIcon;
				COMBINE_HIDPI_IMAGES = YES;
				ENABLE_HARDENED_RUNTIME = YES;
				INFOPLIST_FILE = OhMyWorktree/Info.plist;
				INFOPLIST_KEY_CFBundleDisplayName = OhMyWorktree;
				INFOPLIST_KEY_LSApplicationCategoryType = "public.app-category.developer-tools";
				INFOPLIST_KEY_NSHumanReadableCopyright = "";
				LD_RUNPATH_SEARCH_PATHS = (
					"$(inherited)",
					"@executable_path/../Frameworks",
				);
				MACOSX_DEPLOYMENT_TARGET = 15.0;
				PRODUCT_BUNDLE_IDENTIFIER = com.ohmyworktree.app;
				SDKROOT = macosx;
				SWIFT_VERSION = 6.0;
			};
			name = Debug;
		};
		3EF1A94E262D96D406C21B8F /* Release */ = {
			isa = XCBuildConfiguration;
			buildSettings = {
				ALWAYS_SEARCH_USER_PATHS = NO;
				CLANG_ANALYZER_NONNULL = YES;
				CLANG_ANALYZER_NUMBER_OBJECT_CONVERSION = YES_AGGRESSIVE;
				CLANG_CXX_LANGUAGE_STANDARD = "gnu++14";
				CLANG_CXX_LIBRARY = "libc++";
				CLANG_ENABLE_MODULES = YES;
				CLANG_ENABLE_OBJC_ARC = YES;
				CLANG_ENABLE_OBJC_WEAK = YES;
				CLANG_WARN_BLOCK_CAPTURE_AUTORELEASING = YES;
				CLANG_WARN_BOOL_CONVERSION = YES;
				CLANG_WARN_COMMA = YES;
				CLANG_WARN_CONSTANT_CONVERSION = YES;
				CLANG_WARN_DEPRECATED_OBJC_IMPLEMENTATIONS = YES;
				CLANG_WARN_DIRECT_OBJC_ISA_USAGE = YES_ERROR;
				CLANG_WARN_DOCUMENTATION_COMMENTS = YES;
				CLANG_WARN_EMPTY_BODY = YES;
				CLANG_WARN_ENUM_CONVERSION = YES;
				CLANG_WARN_INFINITE_RECURSION = YES;
				CLANG_WARN_INT_CONVERSION = YES;
				CLANG_WARN_NON_LITERAL_NULL_CONVERSION = YES;
				CLANG_WARN_OBJC_IMPLICIT_RETAIN_SELF = YES;
				CLANG_WARN_OBJC_LITERAL_CONVERSION = YES;
				CLANG_WARN_OBJC_ROOT_CLASS = YES_ERROR;
				CLANG_WARN_QUOTED_INCLUDE_IN_FRAMEWORK_HEADER = YES;
				CLANG_WARN_RANGE_LOOP_ANALYSIS = YES;
				CLANG_WARN_STRICT_PROTOTYPES = YES;
				CLANG_WARN_SUSPICIOUS_MOVE = YES;
				CLANG_WARN_UNGUARDED_AVAILABILITY = YES_AGGRESSIVE;
				CLANG_WARN_UNREACHABLE_CODE = YES;
				CLANG_WARN__DUPLICATE_METHOD_MATCH = YES;
				COPY_PHASE_STRIP = NO;
				DEBUG_INFORMATION_FORMAT = "dwarf-with-dsym";
				ENABLE_NS_ASSERTIONS = NO;
				ENABLE_STRICT_OBJC_MSGSEND = YES;
				GCC_C_LANGUAGE_STANDARD = gnu11;
				GCC_NO_COMMON_BLOCKS = YES;
				GCC_WARN_64_TO_32_BIT_CONVERSION = YES;
				GCC_WARN_ABOUT_RETURN_TYPE = YES_ERROR;
				GCC_WARN_UNDECLARED_SELECTOR = YES;
				GCC_WARN_UNINITIALIZED_AUTOS = YES_AGGRESSIVE;
				GCC_WARN_UNUSED_FUNCTION = YES;
				GCC_WARN_UNUSED_VARIABLE = YES;
				INFOPLIST_KEY_LSApplicationCategoryType = "public.app-category.developer-tools";
				MACOSX_DEPLOYMENT_TARGET = 15.0;
				MTL_ENABLE_DEBUG_INFO = NO;
				MTL_FAST_MATH = YES;
				PRODUCT_NAME = OhMyWorktree;
				SDKROOT = macosx;
				SWIFT_COMPILATION_MODE = wholemodule;
				SWIFT_OPTIMIZATION_LEVEL = "-O";
				SWIFT_VERSION = 6.0;
			};
			name = Release;
		};
		56A8820809AF82D953B46EF4 /* Debug */ = {
			isa = XCBuildConfiguration;
			buildSettings = {
				ALWAYS_SEARCH_USER_PATHS = NO;
				CLANG_ANALYZER_NONNULL = YES;
				CLANG_ANALYZER_NUMBER_OBJECT_CONVERSION = YES_AGGRESSIVE;
				CLANG_CXX_LANGUAGE_STANDARD = "gnu++14";
				CLANG_CXX_LIBRARY = "libc++";
				CLANG_ENABLE_MODULES = YES;
				CLANG_ENABLE_OBJC_ARC = YES;
				CLANG_ENABLE_OBJC_WEAK = YES;
				CLANG_WARN_BLOCK_CAPTURE_AUTORELEASING = YES;
				CLANG_WARN_BOOL_CONVERSION = YES;
				CLANG_WARN_COMMA = YES;
				CLANG_WARN_CONSTANT_CONVERSION = YES;
				CLANG_WARN_DEPRECATED_OBJC_IMPLEMENTATIONS = YES;
				CLANG_WARN_DIRECT_OBJC_ISA_USAGE = YES_ERROR;
				CLANG_WARN_DOCUMENTATION_COMMENTS = YES;
				CLANG_WARN_EMPTY_BODY = YES;
				CLANG_WARN_ENUM_CONVERSION = YES;
				CLANG_WARN_INFINITE_RECURSION = YES;
				CLANG_WARN_INT_CONVERSION = YES;
				CLANG_WARN_NON_LITERAL_NULL_CONVERSION = YES;
				CLANG_WARN_OBJC_IMPLICIT_RETAIN_SELF = YES;
				CLANG_WARN_OBJC_LITERAL_CONVERSION = YES;
				CLANG_WARN_OBJC_ROOT_CLASS = YES_ERROR;
				CLANG_WARN_QUOTED_INCLUDE_IN_FRAMEWORK_HEADER = YES;
				CLANG_WARN_RANGE_LOOP_ANALYSIS = YES;
				CLANG_WARN_STRICT_PROTOTYPES = YES;
				CLANG_WARN_SUSPICIOUS_MOVE = YES;
				CLANG_WARN_UNGUARDED_AVAILABILITY = YES_AGGRESSIVE;
				CLANG_WARN_UNREACHABLE_CODE = YES;
				CLANG_WARN__DUPLICATE_METHOD_MATCH = YES;
				COPY_PHASE_STRIP = NO;
				DEBUG_INFORMATION_FORMAT = dwarf;
				ENABLE_STRICT_OBJC_MSGSEND = YES;
				ENABLE_TESTABILITY = YES;
				GCC_C_LANGUAGE_STANDARD = gnu11;
				GCC_DYNAMIC_NO_PIC = NO;
				GCC_NO_COMMON_BLOCKS = YES;
				GCC_OPTIMIZATION_LEVEL = 0;
				GCC_PREPROCESSOR_DEFINITIONS = (
					"$(inherited)",
					"DEBUG=1",
				);
				GCC_WARN_64_TO_32_BIT_CONVERSION = YES;
				GCC_WARN_ABOUT_RETURN_TYPE = YES_ERROR;
				GCC_WARN_UNDECLARED_SELECTOR = YES;
				GCC_WARN_UNINITIALIZED_AUTOS = YES_AGGRESSIVE;
				GCC_WARN_UNUSED_FUNCTION = YES;
				GCC_WARN_UNUSED_VARIABLE = YES;
				INFOPLIST_KEY_LSApplicationCategoryType = "public.app-category.developer-tools";
				MACOSX_DEPLOYMENT_TARGET = 15.0;
				MTL_ENABLE_DEBUG_INFO = INCLUDE_SOURCE;
				MTL_FAST_MATH = YES;
				ONLY_ACTIVE_ARCH = YES;
				PRODUCT_NAME = OhMyWorktree;
				SDKROOT = macosx;
				SWIFT_ACTIVE_COMPILATION_CONDITIONS = DEBUG;
				SWIFT_OPTIMIZATION_LEVEL = "-Onone";
				SWIFT_VERSION = 6.0;
			};
			name = Debug;
		};
		57C0A151D87B56D84E4F79CC /* Release */ = {
			isa = XCBuildConfiguration;
			buildSettings = {
				ASSETCATALOG_COMPILER_APPICON_NAME = AppIcon;
				COMBINE_HIDPI_IMAGES = YES;
				ENABLE_HARDENED_RUNTIME = YES;
				INFOPLIST_FILE = OhMyWorktree/Info.plist;
				INFOPLIST_KEY_CFBundleDisplayName = OhMyWorktree;
				INFOPLIST_KEY_LSApplicationCategoryType = "public.app-category.developer-tools";
				INFOPLIST_KEY_NSHumanReadableCopyright = "";
				LD_RUNPATH_SEARCH_PATHS = (
					"$(inherited)",
					"@executable_path/../Frameworks",
				);
				MACOSX_DEPLOYMENT_TARGET = 15.0;
				PRODUCT_BUNDLE_IDENTIFIER = com.ohmyworktree.app;
				SDKROOT = macosx;
				SWIFT_VERSION = 6.0;
			};
			name = Release;
		};
		94FBB1FFAD502CC5A562CBCE /* Debug */ = {
			isa = XCBuildConfiguration;
			buildSettings = {
				BUNDLE_LOADER = "$(TEST_HOST)";
				COMBINE_HIDPI_IMAGES = YES;
				GENERATE_INFOPLIST_FILE = YES;
				LD_RUNPATH_SEARCH_PATHS = (
					"$(inherited)",
					"@executable_path/../Frameworks",
					"@loader_path/../Frameworks",
				);
				MACOSX_DEPLOYMENT_TARGET = 15.0;
				PRODUCT_BUNDLE_IDENTIFIER = com.ohmyworktree.OhMyWorktreeTests;
				PRODUCT_MODULE_NAME = OhMyWorktreeTests;
				SDKROOT = macosx;
				SWIFT_VERSION = 6.0;
				TEST_HOST = "$(BUILT_PRODUCTS_DIR)/OhMyWorktree.app/Contents/MacOS/OhMyWorktree";
			};
			name = Debug;
		};
		E6E14D1787F73729955BD96B /* Release */ = {
			isa = XCBuildConfiguration;
			buildSettings = {
				BUNDLE_LOADER = "$(TEST_HOST)";
				COMBINE_HIDPI_IMAGES = YES;
				GENERATE_INFOPLIST_FILE = YES;
				LD_RUNPATH_SEARCH_PATHS = (
					"$(inherited)",
					"@executable_path/../Frameworks",
					"@loader_path/../Frameworks",
				);
				MACOSX_DEPLOYMENT_TARGET = 15.0;
				PRODUCT_BUNDLE_IDENTIFIER = com.ohmyworktree.OhMyWorktreeTests;
				PRODUCT_MODULE_NAME = OhMyWorktreeTests;
				SDKROOT = macosx;
				SWIFT_VERSION = 6.0;
				TEST_HOST = "$(BUILT_PRODUCTS_DIR)/OhMyWorktree.app/Contents/MacOS/OhMyWorktree";
			};
			name = Release;
		};
/* End XCBuildConfiguration section */

/* Begin XCConfigurationList section */
		2CC06542532DEEBD3CC3851F /* Build configuration list for PBXNativeTarget "OhMyWorktreeTests" */ = {
			isa = XCConfigurationList;
			buildConfigurations = (
				94FBB1FFAD502CC5A562CBCE /* Debug */,
				E6E14D1787F73729955BD96B /* Release */,
			);
			defaultConfigurationIsVisible = 0;
			defaultConfigurationName = Debug;
		};
		47A4DC02C75C6B13C2C826D7 /* Build configuration list for PBXProject "OhMyWorktree" */ = {
			isa = XCConfigurationList;
			buildConfigurations = (
				56A8820809AF82D953B46EF4 /* Debug */,
				3EF1A94E262D96D406C21B8F /* Release */,
			);
			defaultConfigurationIsVisible = 0;
			defaultConfigurationName = Debug;
		};
		BF5369B062753B98966CC775 /* Build configuration list for PBXNativeTarget "OhMyWorktree" */ = {
			isa = XCConfigurationList;
			buildConfigurations = (
				11CC73044E1EDE39BDB2ABE4 /* Debug */,
				57C0A151D87B56D84E4F79CC /* Release */,
			);
			defaultConfigurationIsVisible = 0;
			defaultConfigurationName = Debug;
		};
/* End XCConfigurationList section */

/* Begin XCRemoteSwiftPackageReference section */
		02C86F602F1495B106DDAAA6 /* XCRemoteSwiftPackageReference "Sparkle" */ = {
			isa = XCRemoteSwiftPackageReference;
			repositoryURL = "https://github.com/sparkle-project/Sparkle";
			requirement = {
				kind = upToNextMajorVersion;
				minimumVersion = 2.6.0;
			};
		};
/* End XCRemoteSwiftPackageReference section */

/* Begin XCSwiftPackageProductDependency section */
		9C6FD25E01D2C241945E1D05 /* Sparkle */ = {
			isa = XCSwiftPackageProductDependency;
			package = 02C86F602F1495B106DDAAA6 /* XCRemoteSwiftPackageReference "Sparkle" */;
			productName = Sparkle;
		};
/* End XCSwiftPackageProductDependency section */
	};
	rootObject = FD47DC1499D5D3982F736ED2 /* Project object */;
}
